// !$*UTF8*$!
{
	archiveVersion = 1;
	classes = {
	};
	objectVersion = 46;
	objects = {

/* Begin PBXBuildFile section */
		1D60589B0D05DD56006BFB54 /* main.m in Sources */ = {isa = PBXBuildFile; fileRef = 29B97316FDCFA39411CA2CEA /* main.m */; };
		1D60589F0D05DD5A006BFB54 /* Foundation.framework in Frameworks */ = {isa = PBXBuildFile; fileRef = 1D30AB110D05D00D00671497 /* Foundation.framework */; };
		1DF5F4E00D08C38300B7A737 /* UIKit.framework in Frameworks */ = {isa = PBXBuildFile; fileRef = 1DF5F4DF0D08C38300B7A737 /* UIKit.framework */; };
		288765A50DF7441C002DB57D /* CoreGraphics.framework in Frameworks */ = {isa = PBXBuildFile; fileRef = 288765A40DF7441C002DB57D /* CoreGraphics.framework */; };
		930356C61242033600DEF574 /* TestVC-BKSessionControllerDelegate.m in Sources */ = {isa = PBXBuildFile; fileRef = 930356C51242033600DEF574 /* TestVC-BKSessionControllerDelegate.m */; };
		932AFD581240B15500521DA5 /* BKSessionController-GKSessionDelegate.m in Sources */ = {isa = PBXBuildFile; fileRef = 932AFD511240B15400521DA5 /* BKSessionController-GKSessionDelegate.m */; };
		932AFD591240B15500521DA5 /* BKSessionController.m in Sources */ = {isa = PBXBuildFile; fileRef = 932AFD531240B15400521DA5 /* BKSessionController.m */; };
		932AFD631240B37800521DA5 /* BKChunkDataContainer.m in Sources */ = {isa = PBXBuildFile; fileRef = 932AFD621240B37800521DA5 /* BKChunkDataContainer.m */; };
		932AFD6D1240BA2700521DA5 /* TestVC.m in Sources */ = {isa = PBXBuildFile; fileRef = 932AFD6B1240BA2700521DA5 /* TestVC.m */; };
		932AFD711240BA3900521DA5 /* TestVC.xib in Resources */ = {isa = PBXBuildFile; fileRef = 932AFD701240BA3900521DA5 /* TestVC.xib */; };
		932AFD781240BDF000521DA5 /* TestVC-UIImagePickerControllerDelegate.m in Sources */ = {isa = PBXBuildFile; fileRef = 932AFD771240BDF000521DA5 /* TestVC-UIImagePickerControllerDelegate.m */; };
		932AFD7B1240BE3B00521DA5 /* TestVC-GKPeerPickerControllerDelegate.m in Sources */ = {isa = PBXBuildFile; fileRef = 932AFD7A1240BE3B00521DA5 /* TestVC-GKPeerPickerControllerDelegate.m */; };
		932AFD891240C0B200521DA5 /* GameKit.framework in Frameworks */ = {isa = PBXBuildFile; fileRef = 932AFD881240C0B200521DA5 /* GameKit.framework */; };
		932AFDD91240D78200521DA5 /* BKSessionController-DelegateSupport.m in Sources */ = {isa = PBXBuildFile; fileRef = 932AFDD81240D78200521DA5 /* BKSessionController-DelegateSupport.m */; };
		933914A31146794500416AC2 /* AppDelegate.m in Sources */ = {isa = PBXBuildFile; fileRef = 933914A21146794500416AC2 /* AppDelegate.m */; };
		93CA3D9912474B850076E2D0 /* 55-network.png in Resources */ = {isa = PBXBuildFile; fileRef = 93CA3D9712474B850076E2D0 /* 55-network.png */; };
		93CA3D9A12474B850076E2D0 /* 55-network@2x.png in Resources */ = {isa = PBXBuildFile; fileRef = 93CA3D9812474B850076E2D0 /* 55-network@2x.png */; };
		93CA3DB11247536B0076E2D0 /* 55-network-white.png in Resources */ = {isa = PBXBuildFile; fileRef = 93CA3DAF1247536B0076E2D0 /* 55-network-white.png */; };
		93CA3DB21247536B0076E2D0 /* 55-network-white@2x.png in Resources */ = {isa = PBXBuildFile; fileRef = 93CA3DB01247536B0076E2D0 /* 55-network-white@2x.png */; };
		93CA3DC312475A470076E2D0 /* TestVC-Animation.m in Sources */ = {isa = PBXBuildFile; fileRef = 93CA3DC212475A470076E2D0 /* TestVC-Animation.m */; };
		93E967F711E8584200260016 /* Icon-72.png in Resources */ = {isa = PBXBuildFile; fileRef = 93E967F111E8584200260016 /* Icon-72.png */; };
		93E967F811E8584200260016 /* Icon-Small-50.png in Resources */ = {isa = PBXBuildFile; fileRef = 93E967F211E8584200260016 /* Icon-Small-50.png */; };
		93E967F911E8584200260016 /* Icon-Small.png in Resources */ = {isa = PBXBuildFile; fileRef = 93E967F311E8584200260016 /* Icon-Small.png */; };
		93E967FA11E8584200260016 /* Icon-Small@2x.png in Resources */ = {isa = PBXBuildFile; fileRef = 93E967F411E8584200260016 /* Icon-Small@2x.png */; };
		93E967FB11E8584200260016 /* Icon.png in Resources */ = {isa = PBXBuildFile; fileRef = 93E967F511E8584200260016 /* Icon.png */; };
		93E967FC11E8584200260016 /* Icon@2x.png in Resources */ = {isa = PBXBuildFile; fileRef = 93E967F611E8584200260016 /* Icon@2x.png */; };
/* End PBXBuildFile section */

/* Begin PBXFileReference section */
		1D30AB110D05D00D00671497 /* Foundation.framework */ = {isa = PBXFileReference; lastKnownFileType = wrapper.framework; name = Foundation.framework; path = System/Library/Frameworks/Foundation.framework; sourceTree = SDKROOT; };
		1D6058910D05DD3D006BFB54 /* BKSessionController.app */ = {isa = PBXFileReference; explicitFileType = wrapper.application; includeInIndex = 0; path = BKSessionController.app; sourceTree = BUILT_PRODUCTS_DIR; };
		1DF5F4DF0D08C38300B7A737 /* UIKit.framework */ = {isa = PBXFileReference; lastKnownFileType = wrapper.framework; name = UIKit.framework; path = System/Library/Frameworks/UIKit.framework; sourceTree = SDKROOT; };
		288765A40DF7441C002DB57D /* CoreGraphics.framework */ = {isa = PBXFileReference; lastKnownFileType = wrapper.framework; name = CoreGraphics.framework; path = System/Library/Frameworks/CoreGraphics.framework; sourceTree = SDKROOT; };
		29B97316FDCFA39411CA2CEA /* main.m */ = {isa = PBXFileReference; fileEncoding = 4; lastKnownFileType = sourcecode.c.objc; path = main.m; sourceTree = "<group>"; };
		32CA4F630368D1EE00C91783 /* Prefix.pch */ = {isa = PBXFileReference; fileEncoding = 4; lastKnownFileType = sourcecode.c.h; path = Prefix.pch; sourceTree = "<group>"; };
		8D1107310486CEB800E47090 /* Info.plist */ = {isa = PBXFileReference; fileEncoding = 4; lastKnownFileType = text.plist.xml; path = Info.plist; plistStructureDefinitionIdentifier = "com.apple.xcode.plist.structure-definition.iphone.info-plist"; sourceTree = "<group>"; };
		930356C41242033600DEF574 /* TestVC-BKSessionControllerDelegate.h */ = {isa = PBXFileReference; fileEncoding = 4; lastKnownFileType = sourcecode.c.h; path = "TestVC-BKSessionControllerDelegate.h"; sourceTree = "<group>"; };
		930356C51242033600DEF574 /* TestVC-BKSessionControllerDelegate.m */ = {isa = PBXFileReference; fileEncoding = 4; lastKnownFileType = sourcecode.c.objc; path = "TestVC-BKSessionControllerDelegate.m"; sourceTree = "<group>"; };
		932AFD501240B15400521DA5 /* BKSessionController-GKSessionDelegate.h */ = {isa = PBXFileReference; fileEncoding = 4; lastKnownFileType = sourcecode.c.h; path = "BKSessionController-GKSessionDelegate.h"; sourceTree = "<group>"; };
		932AFD511240B15400521DA5 /* BKSessionController-GKSessionDelegate.m */ = {isa = PBXFileReference; fileEncoding = 4; lastKnownFileType = sourcecode.c.objc; path = "BKSessionController-GKSessionDelegate.m"; sourceTree = "<group>"; };
		932AFD521240B15400521DA5 /* BKSessionController.h */ = {isa = PBXFileReference; fileEncoding = 4; lastKnownFileType = sourcecode.c.h; path = BKSessionController.h; sourceTree = "<group>"; };
		932AFD531240B15400521DA5 /* BKSessionController.m */ = {isa = PBXFileReference; fileEncoding = 4; lastKnownFileType = sourcecode.c.objc; path = BKSessionController.m; sourceTree = "<group>"; };
		932AFD611240B37800521DA5 /* BKChunkDataContainer.h */ = {isa = PBXFileReference; fileEncoding = 4; lastKnownFileType = sourcecode.c.h; path = BKChunkDataContainer.h; sourceTree = "<group>"; };
		932AFD621240B37800521DA5 /* BKChunkDataContainer.m */ = {isa = PBXFileReference; fileEncoding = 4; lastKnownFileType = sourcecode.c.objc; path = BKChunkDataContainer.m; sourceTree = "<group>"; };
		932AFD6A1240BA2700521DA5 /* TestVC.h */ = {isa = PBXFileReference; fileEncoding = 4; lastKnownFileType = sourcecode.c.h; path = TestVC.h; sourceTree = "<group>"; };
		932AFD6B1240BA2700521DA5 /* TestVC.m */ = {isa = PBXFileReference; fileEncoding = 4; lastKnownFileType = sourcecode.c.objc; path = TestVC.m; sourceTree = "<group>"; };
		932AFD701240BA3900521DA5 /* TestVC.xib */ = {isa = PBXFileReference; lastKnownFileType = file.xib; path = TestVC.xib; sourceTree = "<group>"; };
		932AFD761240BDF000521DA5 /* TestVC-UIImagePickerControllerDelegate.h */ = {isa = PBXFileReference; fileEncoding = 4; lastKnownFileType = sourcecode.c.h; path = "TestVC-UIImagePickerControllerDelegate.h"; sourceTree = "<group>"; };
		932AFD771240BDF000521DA5 /* TestVC-UIImagePickerControllerDelegate.m */ = {isa = PBXFileReference; fileEncoding = 4; lastKnownFileType = sourcecode.c.objc; path = "TestVC-UIImagePickerControllerDelegate.m"; sourceTree = "<group>"; };
		932AFD791240BE3B00521DA5 /* TestVC-GKPeerPickerControllerDelegate.h */ = {isa = PBXFileReference; fileEncoding = 4; lastKnownFileType = sourcecode.c.h; path = "TestVC-GKPeerPickerControllerDelegate.h"; sourceTree = "<group>"; };
		932AFD7A1240BE3B00521DA5 /* TestVC-GKPeerPickerControllerDelegate.m */ = {isa = PBXFileReference; fileEncoding = 4; lastKnownFileType = sourcecode.c.objc; path = "TestVC-GKPeerPickerControllerDelegate.m"; sourceTree = "<group>"; };
		932AFD881240C0B200521DA5 /* GameKit.framework */ = {isa = PBXFileReference; lastKnownFileType = wrapper.framework; name = GameKit.framework; path = System/Library/Frameworks/GameKit.framework; sourceTree = SDKROOT; };
		932AFDD71240D78200521DA5 /* BKSessionController-DelegateSupport.h */ = {isa = PBXFileReference; fileEncoding = 4; lastKnownFileType = sourcecode.c.h; path = "BKSessionController-DelegateSupport.h"; sourceTree = "<group>"; };
		932AFDD81240D78200521DA5 /* BKSessionController-DelegateSupport.m */ = {isa = PBXFileReference; fileEncoding = 4; lastKnownFileType = sourcecode.c.objc; path = "BKSessionController-DelegateSupport.m"; sourceTree = "<group>"; };
		933914A11146794500416AC2 /* AppDelegate.h */ = {isa = PBXFileReference; fileEncoding = 4; lastKnownFileType = sourcecode.c.h; path = AppDelegate.h; sourceTree = "<group>"; };
		933914A21146794500416AC2 /* AppDelegate.m */ = {isa = PBXFileReference; fileEncoding = 4; lastKnownFileType = sourcecode.c.objc; path = AppDelegate.m; sourceTree = "<group>"; };
		93CA3D9712474B850076E2D0 /* 55-network.png */ = {isa = PBXFileReference; lastKnownFileType = image.png; path = "55-network.png"; sourceTree = "<group>"; };
		93CA3D9812474B850076E2D0 /* 55-network@2x.png */ = {isa = PBXFileReference; lastKnownFileType = image.png; path = "55-network@2x.png"; sourceTree = "<group>"; };
		93CA3DAF1247536B0076E2D0 /* 55-network-white.png */ = {isa = PBXFileReference; lastKnownFileType = image.png; path = "55-network-white.png"; sourceTree = "<group>"; };
		93CA3DB01247536B0076E2D0 /* 55-network-white@2x.png */ = {isa = PBXFileReference; lastKnownFileType = image.png; path = "55-network-white@2x.png"; sourceTree = "<group>"; };
		93CA3DC112475A470076E2D0 /* TestVC-Animation.h */ = {isa = PBXFileReference; fileEncoding = 4; lastKnownFileType = sourcecode.c.h; path = "TestVC-Animation.h"; sourceTree = "<group>"; };
		93CA3DC212475A470076E2D0 /* TestVC-Animation.m */ = {isa = PBXFileReference; fileEncoding = 4; lastKnownFileType = sourcecode.c.objc; path = "TestVC-Animation.m"; sourceTree = "<group>"; };
		93E967F111E8584200260016 /* Icon-72.png */ = {isa = PBXFileReference; lastKnownFileType = image.png; path = "Icon-72.png"; sourceTree = "<group>"; };
		93E967F211E8584200260016 /* Icon-Small-50.png */ = {isa = PBXFileReference; lastKnownFileType = image.png; path = "Icon-Small-50.png"; sourceTree = "<group>"; };
		93E967F311E8584200260016 /* Icon-Small.png */ = {isa = PBXFileReference; lastKnownFileType = image.png; path = "Icon-Small.png"; sourceTree = "<group>"; };
		93E967F411E8584200260016 /* Icon-Small@2x.png */ = {isa = PBXFileReference; lastKnownFileType = image.png; path = "Icon-Small@2x.png"; sourceTree = "<group>"; };
		93E967F511E8584200260016 /* Icon.png */ = {isa = PBXFileReference; lastKnownFileType = image.png; path = Icon.png; sourceTree = "<group>"; };
		93E967F611E8584200260016 /* Icon@2x.png */ = {isa = PBXFileReference; lastKnownFileType = image.png; path = "Icon@2x.png"; sourceTree = "<group>"; };
		93FA815612489B420015C441 /* BKSessionControllerDelegate.h */ = {isa = PBXFileReference; fileEncoding = 4; lastKnownFileType = sourcecode.c.h; path = BKSessionControllerDelegate.h; sourceTree = "<group>"; };
/* End PBXFileReference section */

/* Begin PBXFrameworksBuildPhase section */
		1D60588F0D05DD3D006BFB54 /* Frameworks */ = {
			isa = PBXFrameworksBuildPhase;
			buildActionMask = 2147483647;
			files = (
				1D60589F0D05DD5A006BFB54 /* Foundation.framework in Frameworks */,
				1DF5F4E00D08C38300B7A737 /* UIKit.framework in Frameworks */,
				288765A50DF7441C002DB57D /* CoreGraphics.framework in Frameworks */,
				932AFD891240C0B200521DA5 /* GameKit.framework in Frameworks */,
			);
			runOnlyForDeploymentPostprocessing = 0;
		};
/* End PBXFrameworksBuildPhase section */

/* Begin PBXGroup section */
		080E96DDFE201D6D7F000001 /* Classes */ = {
			isa = PBXGroup;
			children = (
				93FA815512489B420015C441 /* BKSessionControllerDelegate */,
				932AFD601240B36B00521DA5 /* BKChunkDataContainer */,
				932AFD4D1240B15400521DA5 /* BKSessionController */,
				932AFD561240B15500521DA5 /* TestVC */,
				93719588116A806E00B04FD0 /* Libs */,
				933914A01146794500416AC2 /* AppDelegate */,
			);
			path = Classes;
			sourceTree = "<group>";
		};
		19C28FACFE9D520D11CA2CBB /* Products */ = {
			isa = PBXGroup;
			children = (
				1D6058910D05DD3D006BFB54 /* BKSessionController.app */,
			);
			name = Products;
			sourceTree = "<group>";
		};
		29B97314FDCFA39411CA2CEA /* CustomTemplate */ = {
			isa = PBXGroup;
			children = (
				080E96DDFE201D6D7F000001 /* Classes */,
				29B97315FDCFA39411CA2CEA /* Other Sources */,
				29B97317FDCFA39411CA2CEA /* Resources */,
				29B97323FDCFA39411CA2CEA /* Frameworks */,
				19C28FACFE9D520D11CA2CBB /* Products */,
			);
			name = CustomTemplate;
			sourceTree = "<group>";
		};
		29B97315FDCFA39411CA2CEA /* Other Sources */ = {
			isa = PBXGroup;
			children = (
				32CA4F630368D1EE00C91783 /* Prefix.pch */,
				29B97316FDCFA39411CA2CEA /* main.m */,
			);
			name = "Other Sources";
			sourceTree = "<group>";
		};
		29B97317FDCFA39411CA2CEA /* Resources */ = {
			isa = PBXGroup;
			children = (
				93E967F011E8584200260016 /* Icons */,
				8D1107310486CEB800E47090 /* Info.plist */,
			);
			name = Resources;
			sourceTree = "<group>";
		};
		29B97323FDCFA39411CA2CEA /* Frameworks */ = {
			isa = PBXGroup;
			children = (
				1DF5F4DF0D08C38300B7A737 /* UIKit.framework */,
				1D30AB110D05D00D00671497 /* Foundation.framework */,
				288765A40DF7441C002DB57D /* CoreGraphics.framework */,
				932AFD881240C0B200521DA5 /* GameKit.framework */,
			);
			name = Frameworks;
			sourceTree = "<group>";
		};
		932AFD4D1240B15400521DA5 /* BKSessionController */ = {
			isa = PBXGroup;
			children = (
				932AFD501240B15400521DA5 /* BKSessionController-GKSessionDelegate.h */,
				932AFD511240B15400521DA5 /* BKSessionController-GKSessionDelegate.m */,
				932AFD521240B15400521DA5 /* BKSessionController.h */,
				932AFD531240B15400521DA5 /* BKSessionController.m */,
				932AFDD71240D78200521DA5 /* BKSessionController-DelegateSupport.h */,
				932AFDD81240D78200521DA5 /* BKSessionController-DelegateSupport.m */,
			);
			path = BKSessionController;
			sourceTree = "<group>";
		};
		932AFD561240B15500521DA5 /* TestVC */ = {
			isa = PBXGroup;
			children = (
				932AFD6F1240BA3900521DA5 /* Resources */,
				932AFD6A1240BA2700521DA5 /* TestVC.h */,
				932AFD6B1240BA2700521DA5 /* TestVC.m */,
				932AFD761240BDF000521DA5 /* TestVC-UIImagePickerControllerDelegate.h */,
				932AFD771240BDF000521DA5 /* TestVC-UIImagePickerControllerDelegate.m */,
				932AFD791240BE3B00521DA5 /* TestVC-GKPeerPickerControllerDelegate.h */,
				932AFD7A1240BE3B00521DA5 /* TestVC-GKPeerPickerControllerDelegate.m */,
				930356C41242033600DEF574 /* TestVC-BKSessionControllerDelegate.h */,
				930356C51242033600DEF574 /* TestVC-BKSessionControllerDelegate.m */,
				93CA3DC112475A470076E2D0 /* TestVC-Animation.h */,
				93CA3DC212475A470076E2D0 /* TestVC-Animation.m */,
			);
			path = TestVC;
			sourceTree = "<group>";
		};
		932AFD601240B36B00521DA5 /* BKChunkDataContainer */ = {
			isa = PBXGroup;
			children = (
				932AFD611240B37800521DA5 /* BKChunkDataContainer.h */,
				932AFD621240B37800521DA5 /* BKChunkDataContainer.m */,
			);
			path = BKChunkDataContainer;
			sourceTree = "<group>";
		};
		932AFD6F1240BA3900521DA5 /* Resources */ = {
			isa = PBXGroup;
			children = (
				93CA3DAF1247536B0076E2D0 /* 55-network-white.png */,
				93CA3DB01247536B0076E2D0 /* 55-network-white@2x.png */,
				93CA3D9712474B850076E2D0 /* 55-network.png */,
				93CA3D9812474B850076E2D0 /* 55-network@2x.png */,
				932AFD701240BA3900521DA5 /* TestVC.xib */,
			);
			path = Resources;
			sourceTree = "<group>";
		};
		933914A01146794500416AC2 /* AppDelegate */ = {
			isa = PBXGroup;
			children = (
				933914A11146794500416AC2 /* AppDelegate.h */,
				933914A21146794500416AC2 /* AppDelegate.m */,
			);
			path = AppDelegate;
			sourceTree = "<group>";
		};
		93719588116A806E00B04FD0 /* Libs */ = {
			isa = PBXGroup;
			children = (
			);
			path = Libs;
			sourceTree = "<group>";
		};
		93E967F011E8584200260016 /* Icons */ = {
			isa = PBXGroup;
			children = (
				93E967F111E8584200260016 /* Icon-72.png */,
				93E967F211E8584200260016 /* Icon-Small-50.png */,
				93E967F311E8584200260016 /* Icon-Small.png */,
				93E967F411E8584200260016 /* Icon-Small@2x.png */,
				93E967F511E8584200260016 /* Icon.png */,
				93E967F611E8584200260016 /* Icon@2x.png */,
			);
			path = Icons;
			sourceTree = "<group>";
		};
		93FA815512489B420015C441 /* BKSessionControllerDelegate */ = {
			isa = PBXGroup;
			children = (
				93FA815612489B420015C441 /* BKSessionControllerDelegate.h */,
			);
			path = BKSessionControllerDelegate;
			sourceTree = "<group>";
		};
/* End PBXGroup section */

/* Begin PBXNativeTarget section */
		1D6058900D05DD3D006BFB54 /* BKSessionController */ = {
			isa = PBXNativeTarget;
			buildConfigurationList = 1D6058960D05DD3E006BFB54 /* Build configuration list for PBXNativeTarget "BKSessionController" */;
			buildPhases = (
				1D60588D0D05DD3D006BFB54 /* Resources */,
				1D60588E0D05DD3D006BFB54 /* Sources */,
				1D60588F0D05DD3D006BFB54 /* Frameworks */,
			);
			buildRules = (
			);
			dependencies = (
			);
			name = BKSessionController;
			productName = BKSessionController;
			productReference = 1D6058910D05DD3D006BFB54 /* BKSessionController.app */;
			productType = "com.apple.product-type.application";
		};
/* End PBXNativeTarget section */

/* Begin PBXProject section */
		29B97313FDCFA39411CA2CEA /* Project object */ = {
			isa = PBXProject;
			buildConfigurationList = C01FCF4E08A954540054247B /* Build configuration list for PBXProject "BKSessionController" */;
			compatibilityVersion = "Xcode 3.2";
			developmentRegion = English;
			hasScannedForEncodings = 1;
			knownRegions = (
				English,
				Japanese,
				French,
				German,
			);
			mainGroup = 29B97314FDCFA39411CA2CEA /* CustomTemplate */;
			projectDirPath = "";
			projectRoot = "";
			targets = (
				1D6058900D05DD3D006BFB54 /* BKSessionController */,
			);
		};
/* End PBXProject section */

/* Begin PBXResourcesBuildPhase section */
		1D60588D0D05DD3D006BFB54 /* Resources */ = {
			isa = PBXResourcesBuildPhase;
			buildActionMask = 2147483647;
			files = (
				93E967F711E8584200260016 /* Icon-72.png in Resources */,
				93E967F811E8584200260016 /* Icon-Small-50.png in Resources */,
				93E967F911E8584200260016 /* Icon-Small.png in Resources */,
				93E967FA11E8584200260016 /* Icon-Small@2x.png in Resources */,
				93E967FB11E8584200260016 /* Icon.png in Resources */,
				93E967FC11E8584200260016 /* Icon@2x.png in Resources */,
				932AFD711240BA3900521DA5 /* TestVC.xib in Resources */,
				93CA3D9912474B850076E2D0 /* 55-network.png in Resources */,
				93CA3D9A12474B850076E2D0 /* 55-network@2x.png in Resources */,
				93CA3DB11247536B0076E2D0 /* 55-network-white.png in Resources */,
				93CA3DB21247536B0076E2D0 /* 55-network-white@2x.png in Resources */,
			);
			runOnlyForDeploymentPostprocessing = 0;
		};
/* End PBXResourcesBuildPhase section */

/* Begin PBXSourcesBuildPhase section */
		1D60588E0D05DD3D006BFB54 /* Sources */ = {
			isa = PBXSourcesBuildPhase;
			buildActionMask = 2147483647;
			files = (
				1D60589B0D05DD56006BFB54 /* main.m in Sources */,
				933914A31146794500416AC2 /* AppDelegate.m in Sources */,
				932AFD581240B15500521DA5 /* BKSessionController-GKSessionDelegate.m in Sources */,
				932AFD591240B15500521DA5 /* BKSessionController.m in Sources */,
				932AFD631240B37800521DA5 /* BKChunkDataContainer.m in Sources */,
				932AFD6D1240BA2700521DA5 /* TestVC.m in Sources */,
				932AFD781240BDF000521DA5 /* TestVC-UIImagePickerControllerDelegate.m in Sources */,
				932AFD7B1240BE3B00521DA5 /* TestVC-GKPeerPickerControllerDelegate.m in Sources */,
				932AFDD91240D78200521DA5 /* BKSessionController-DelegateSupport.m in Sources */,
				930356C61242033600DEF574 /* TestVC-BKSessionControllerDelegate.m in Sources */,
				93CA3DC312475A470076E2D0 /* TestVC-Animation.m in Sources */,
			);
			runOnlyForDeploymentPostprocessing = 0;
		};
/* End PBXSourcesBuildPhase section */

/* Begin XCBuildConfiguration section */
		1D6058940D05DD3E006BFB54 /* Debug */ = {
			isa = XCBuildConfiguration;
			buildSettings = {
				ALWAYS_SEARCH_USER_PATHS = NO;
				COPY_PHASE_STRIP = NO;
				GCC_DYNAMIC_NO_PIC = NO;
				GCC_OPTIMIZATION_LEVEL = 0;
				GCC_PRECOMPILE_PREFIX_HEADER = YES;
				GCC_PREFIX_HEADER = Prefix.pch;
				INFOPLIST_FILE = Info.plist;
				PRODUCT_NAME = BKSessionController;
			};
			name = Debug;
		};
		1D6058950D05DD3E006BFB54 /* Release */ = {
			isa = XCBuildConfiguration;
			buildSettings = {
				ALWAYS_SEARCH_USER_PATHS = NO;
				COPY_PHASE_STRIP = YES;
				GCC_PRECOMPILE_PREFIX_HEADER = YES;
				GCC_PREFIX_HEADER = Prefix.pch;
				INFOPLIST_FILE = Info.plist;
				PRODUCT_NAME = BKSessionController;
				VALIDATE_PRODUCT = YES;
			};
			name = Release;
		};
		C01FCF4F08A954540054247B /* Debug */ = {
			isa = XCBuildConfiguration;
			buildSettings = {
				"ARCHS[sdk=iphoneos*]" = armv7;
				"ARCHS[sdk=iphonesimulator*]" = i386;
				"CODE_SIGN_IDENTITY[sdk=iphoneos*]" = "iPhone Developer";
				GCC_C_LANGUAGE_STANDARD = c99;
				GCC_WARN_ABOUT_RETURN_TYPE = YES;
				GCC_WARN_UNUSED_VARIABLE = YES;
				HEADER_SEARCH_PATHS = "";
				IPHONEOS_DEPLOYMENT_TARGET = 3.2;
				OTHER_LDFLAGS = (
					"-all_load",
					"-ObjC",
				);
				PREBINDING = NO;
				"PROVISIONING_PROFILE[sdk=iphoneos*]" = "";
				RUN_CLANG_STATIC_ANALYZER = YES;
				SDKROOT = iphoneos4.1;
				TARGETED_DEVICE_FAMILY = 1;
				USER_HEADER_SEARCH_PATHS = "";
			};
			name = Debug;
		};
		C01FCF5008A954540054247B /* Release */ = {
			isa = XCBuildConfiguration;
			buildSettings = {
				"ARCHS[sdk=iphoneos*]" = armv7;
				"ARCHS[sdk=iphonesimulator*]" = i386;
				"CODE_SIGN_IDENTITY[sdk=iphoneos*]" = "iPhone Developer";
				GCC_C_LANGUAGE_STANDARD = c99;
				GCC_WARN_ABOUT_RETURN_TYPE = YES;
				GCC_WARN_UNUSED_VARIABLE = YES;
				HEADER_SEARCH_PATHS = "";
				IPHONEOS_DEPLOYMENT_TARGET = 3.2;
				OTHER_CFLAGS = "-DNS_BLOCK_ASSERTIONS=1";
				OTHER_LDFLAGS = (
					"-all_load",
					"-ObjC",
				);
				PREBINDING = NO;
				RUN_CLANG_STATIC_ANALYZER = YES;
				SDKROOT = iphoneos4.1;
				TARGETED_DEVICE_FAMILY = 1;
			};
			name = Release;
		};
/* End XCBuildConfiguration section */

/* Begin XCConfigurationList section */
		1D6058960D05DD3E006BFB54 /* Build configuration list for PBXNativeTarget "BKSessionController" */ = {
			isa = XCConfigurationList;
			buildConfigurations = (
				1D6058940D05DD3E006BFB54 /* Debug */,
				1D6058950D05DD3E006BFB54 /* Release */,
			);
			defaultConfigurationIsVisible = 0;
			defaultConfigurationName = Release;
		};
		C01FCF4E08A954540054247B /* Build configuration list for PBXProject "BKSessionController" */ = {
			isa = XCConfigurationList;
			buildConfigurations = (
				C01FCF4F08A954540054247B /* Debug */,
				C01FCF5008A954540054247B /* Release */,
			);
			defaultConfigurationIsVisible = 0;
			defaultConfigurationName = Release;
		};
/* End XCConfigurationList section */
	};
	rootObject = 29B97313FDCFA39411CA2CEA /* Project object */;
}
